<?xml version="1.0" encoding="utf-8"?>
<Project ToolsVersion="4.0" xmlns="http://schemas.microsoft.com/developer/msbuild/2003">
  <ItemGroup>
    <Filter Include="Source Files">
      <UniqueIdentifier>{4FC737F1-C7A5-4376-A066-2A32D752A2FF}</UniqueIdentifier>
      <Extensions>cpp;c;cc;cxx;c++;cppm;ixx;def;odl;idl;hpj;bat;asm;asmx</Extensions>
    </Filter>
    <Filter Include="Header Files">
      <UniqueIdentifier>{93995380-89BD-4b04-88EB-625FBE52EBFB}</UniqueIdentifier>
      <Extensions>h;hh;hpp;hxx;h++;hm;inl;inc;ipp;xsd</Extensions>
    </Filter>
    <Filter Include="Resource Files">
      <UniqueIdentifier>{67DA6AB6-F800-4c08-8B7A-83BB121AAD01}</UniqueIdentifier>
      <Extensions>rc;ico;cur;bmp;dlg;rc2;rct;bin;rgs;gif;jpg;jpeg;jpe;resx;tiff;tif;png;wav;mfcribbon-ms</Extensions>
    </Filter>
    <Filter Include="Header Files\Engine">
      <UniqueIdentifier>{dbd25e67-1357-449f-a3f6-4293f8d66388}</UniqueIdentifier>
    </Filter>
    <Filter Include="Header Files\Engine\Common">
      <UniqueIdentifier>{9a00497b-c018-4a94-9a83-833dc2a7a057}</UniqueIdentifier>
    </Filter>
    <Filter Include="Header Files\Engine\Renderer">
      <UniqueIdentifier>{5c637acc-075e-4b4c-9036-1ac5a8542d2b}</UniqueIdentifier>
    </Filter>
    <Filter Include="Header Files\Engine\RHI">
      <UniqueIdentifier>{38367417-24a2-4dcc-a473-ee2f1647ae4c}</UniqueIdentifier>
    </Filter>
    <Filter Include="Header Files\Engine\RHI\D3D12RHI">
      <UniqueIdentifier>{5cb9d254-0c3d-43cc-98bf-acd163b62b13}</UniqueIdentifier>
    </Filter>
    <Filter Include="Header Files\Engine\Util">
      <UniqueIdentifier>{7753bf11-e800-4c02-a06a-bdb43fa9a7a1}</UniqueIdentifier>
    </Filter>
    <Filter Include="Source Files\Engine">
      <UniqueIdentifier>{65f7521e-24c4-450e-806e-24634e6827f1}</UniqueIdentifier>
    </Filter>
    <Filter Include="Source Files\Engine\Common">
      <UniqueIdentifier>{f958afc8-57df-4827-b517-651dc317ce50}</UniqueIdentifier>
    </Filter>
    <Filter Include="Source Files\Engine\Renderer">
      <UniqueIdentifier>{5c22ee7c-daba-4aca-b049-8cf9a8ba99c0}</UniqueIdentifier>
    </Filter>
    <Filter Include="Source Files\Engine\RHI">
      <UniqueIdentifier>{6ac5292a-caa7-416e-bb20-1517804a9603}</UniqueIdentifier>
    </Filter>
    <Filter Include="Source Files\Engine\RHI\D3D12RHI">
      <UniqueIdentifier>{50832bbc-f5bb-47c2-b60e-1976fdc610ca}</UniqueIdentifier>
    </Filter>
    <Filter Include="Source Files\Engine\Util">
      <UniqueIdentifier>{d15bc1b9-e4c4-441f-a324-152e9c8b4309}</UniqueIdentifier>
    </Filter>
    <Filter Include="Header Files\Engine\Common\Windows">
      <UniqueIdentifier>{4a2240f0-a349-4dd2-a904-1699c6c005a9}</UniqueIdentifier>
    </Filter>
    <Filter Include="Source Files\Engine\Common\Windows">
      <UniqueIdentifier>{9a8752aa-e392-443a-8e80-07bd0bfeffb4}</UniqueIdentifier>
    </Filter>
    <Filter Include="Header Files\Engine\Common\Event">
      <UniqueIdentifier>{6a3ec42a-8673-43cb-b1ec-561b6d64e8b8}</UniqueIdentifier>
    </Filter>
    <Filter Include="Header Files\Engine\Thread">
      <UniqueIdentifier>{253995ad-9aec-47c0-81d8-288c7ab59b6b}</UniqueIdentifier>
    </Filter>
    <Filter Include="Source Files\Engine\Thread">
      <UniqueIdentifier>{bf26e770-928a-4a87-a607-3cdf516f7e4f}</UniqueIdentifier>
    </Filter>
    <Filter Include="Header Files\Engine\Common\Animation">
      <UniqueIdentifier>{6ad586d6-b764-4db9-9d92-e6aa02d1e0d7}</UniqueIdentifier>
    </Filter>
    <Filter Include="Source Files\Engine\Common\Animation">
      <UniqueIdentifier>{9835f9ef-7fd8-4c9b-af54-5ebaa92f8256}</UniqueIdentifier>
    </Filter>
    <Filter Include="Header Files\Engine\Common\Camera">
      <UniqueIdentifier>{0d4a6668-ce63-4619-81c6-72e863f777a7}</UniqueIdentifier>
    </Filter>
    <Filter Include="Source Files\Engine\Common\Camera">
      <UniqueIdentifier>{432afcb0-e6c5-4164-8db4-2a364e9288ab}</UniqueIdentifier>
    </Filter>
    <Filter Include="Source Files\Engine\Common\Character">
      <UniqueIdentifier>{da1ee213-9337-44b9-8e66-f8705c8710ae}</UniqueIdentifier>
    </Filter>
    <Filter Include="Header Files\Engine\Common\Character">
      <UniqueIdentifier>{7494c295-f52d-4374-b995-a1cd7616ae36}</UniqueIdentifier>
    </Filter>
    <Filter Include="Header Files\Engine\Common\RenderData">
      <UniqueIdentifier>{67427057-178f-45ce-b9b2-acb82b2ed194}</UniqueIdentifier>
    </Filter>
    <Filter Include="Source Files\Engine\Common\RenderData">
      <UniqueIdentifier>{5aa7edf0-3573-4f24-a32a-2d478a7f34dc}</UniqueIdentifier>
    </Filter>
    <Filter Include="Resource Files\Shaders">
      <UniqueIdentifier>{f4d1c535-cc6d-4089-a49b-7b0efe8d6786}</UniqueIdentifier>
    </Filter>
    <Filter Include="Resource Files\Textures">
      <UniqueIdentifier>{9d6ca129-96ab-4f38-a59f-5c04a81453e6}</UniqueIdentifier>
    </Filter>
  </ItemGroup>
  <ItemGroup>
    <ClCompile Include="main.cpp">
      <Filter>Source Files</Filter>
    </ClCompile>
    <ClCompile Include="Private\ApplicationMain.cpp">
      <Filter>Source Files</Filter>
    </ClCompile>
    <ClCompile Include="Private\Engine\Util\MathHelper.cpp">
      <Filter>Source Files\Engine\Util</Filter>
    </ClCompile>
    <ClCompile Include="Private\Engine\RHI\D3D12RHI\stdafx.cpp">
      <Filter>Source Files\Engine\RHI\D3D12RHI</Filter>
    </ClCompile>
    <ClCompile Include="Private\Engine\Common\LInput.cpp">
      <Filter>Source Files\Engine\Common</Filter>
    </ClCompile>
    <ClCompile Include="Private\Engine\RHI\FDynamicRHI.cpp">
      <Filter>Source Files\Engine\RHI</Filter>
    </ClCompile>
    <ClCompile Include="Private\Engine\RHI\FRHI.cpp">
      <Filter>Source Files\Engine\RHI</Filter>
    </ClCompile>
    <ClCompile Include="Private\Engine\RHI\FWindowsDynamicRHI.cpp">
      <Filter>Source Files\Engine\RHI</Filter>
    </ClCompile>
    <ClCompile Include="Private\Engine\RHI\D3D12RHI\FD3D12Resource.cpp">
      <Filter>Source Files\Engine\RHI\D3D12RHI</Filter>
    </ClCompile>
    <ClCompile Include="Private\Engine\RHI\D3D12RHI\FDDSTextureLoader.cpp">
      <Filter>Source Files\Engine\RHI\D3D12RHI</Filter>
    </ClCompile>
    <ClCompile Include="Private\Engine\RHI\D3D12RHI\FD3D12RHIPublic.cpp">
      <Filter>Source Files\Engine\RHI\D3D12RHI</Filter>
    </ClCompile>
    <ClCompile Include="Private\Engine\Renderer\FIndexBuffer.cpp">
      <Filter>Source Files\Engine\Renderer</Filter>
    </ClCompile>
    <ClCompile Include="Private\Engine\Renderer\FRenderer.cpp">
      <Filter>Source Files\Engine\Renderer</Filter>
    </ClCompile>
    <ClCompile Include="Private\Engine\Renderer\FScene.cpp">
      <Filter>Source Files\Engine\Renderer</Filter>
    </ClCompile>
    <ClCompile Include="Private\Engine\Renderer\FTexture.cpp">
      <Filter>Source Files\Engine\Renderer</Filter>
    </ClCompile>
    <ClCompile Include="Private\Engine\Renderer\FVertexBuffer.cpp">
      <Filter>Source Files\Engine\Renderer</Filter>
    </ClCompile>
    <ClCompile Include="Private\Engine\Renderer\FMesh.cpp">
      <Filter>Source Files\Engine\Renderer</Filter>
    </ClCompile>
    <ClCompile Include="Private\Engine\Renderer\FSceneRenderer.cpp">
      <Filter>Source Files\Engine\Renderer</Filter>
    </ClCompile>
    <ClCompile Include="Private\Engine\Renderer\LAssetDataLoader.cpp">
      <Filter>Source Files\Engine\Common</Filter>
    </ClCompile>
    <ClCompile Include="Private\Engine\Renderer\FRenderResource.cpp">
      <Filter>Source Files\Engine\Renderer</Filter>
    </ClCompile>
    <ClCompile Include="Private\Engine\Renderer\FShader.cpp">
      <Filter>Source Files\Engine\Renderer</Filter>
    </ClCompile>
    <ClCompile Include="Private\Engine\LEngine.cpp">
      <Filter>Source Files\Engine</Filter>
    </ClCompile>
    <ClCompile Include="Private\Engine\Common\LDevice.cpp">
      <Filter>Source Files\Engine\Common</Filter>
    </ClCompile>
    <ClCompile Include="Private\Engine\Common\Windows\LDeviceWindows.cpp">
      <Filter>Source Files\Engine\Common\Windows</Filter>
    </ClCompile>
    <ClCompile Include="Private\Engine\Common\Windows\LInputWindows.cpp">
      <Filter>Source Files\Engine\Common\Windows</Filter>
    </ClCompile>
    <ClCompile Include="Private\Engine\Renderer\FMaterial.cpp">
      <Filter>Source Files\Engine\Renderer</Filter>
    </ClCompile>
    <ClCompile Include="Private\Engine\Thread\FRenderThread.cpp">
      <Filter>Source Files\Engine\Thread</Filter>
    </ClCompile>
    <ClCompile Include="Private\Engine\Thread\FThread.cpp">
      <Filter>Source Files\Engine\Thread</Filter>
    </ClCompile>
    <ClCompile Include="Private\Engine\Thread\FTaskThread.cpp">
      <Filter>Source Files\Engine\Thread</Filter>
    </ClCompile>
    <ClCompile Include="Private\Engine\Common\LGameTimer.cpp">
      <Filter>Source Files\Engine\Common</Filter>
    </ClCompile>
    <ClCompile Include="Private\Engine\Renderer\FSkeletalMesh.cpp">
      <Filter>Source Files\Engine\Renderer</Filter>
    </ClCompile>
    <ClCompile Include="Private\Engine\Common\Animation\LAnimationSequence.cpp">
      <Filter>Source Files\Engine\Common\Animation</Filter>
    </ClCompile>
    <ClCompile Include="Private\Engine\Common\Animation\LAnimationTrack.cpp">
      <Filter>Source Files\Engine\Common\Animation</Filter>
    </ClCompile>
    <ClCompile Include="Private\Engine\Common\Animation\LAnimator.cpp">
      <Filter>Source Files\Engine\Common\Animation</Filter>
    </ClCompile>
    <ClCompile Include="Private\Engine\Common\Animation\LSkeleton.cpp">
      <Filter>Source Files\Engine\Common\Animation</Filter>
    </ClCompile>
    <ClCompile Include="Private\Engine\RHI\D3D12RHI\FD3D12ResourceViewCreater.cpp">
      <Filter>Source Files\Engine\RHI\D3D12RHI</Filter>
    </ClCompile>
    <ClCompile Include="Private\Engine\Common\Camera\LCamera.cpp">
      <Filter>Source Files\Engine\Common\Camera</Filter>
    </ClCompile>
    <ClCompile Include="Private\Engine\Common\Camera\LSceneCamera.cpp">
      <Filter>Source Files\Engine\Common\Camera</Filter>
    </ClCompile>
    <ClCompile Include="Private\Engine\Common\Camera\LThirdPersonCamera.cpp">
      <Filter>Source Files\Engine\Common\Camera</Filter>
    </ClCompile>
    <ClCompile Include="Private\Engine\Common\Animation\LAnimationStateMachine.cpp">
      <Filter>Source Files\Engine\Common\Animation</Filter>
    </ClCompile>
    <ClCompile Include="Private\Engine\Common\Animation\LAnimationState.cpp">
      <Filter>Source Files\Engine\Common\Animation</Filter>
    </ClCompile>
    <ClCompile Include="Private\Engine\Common\Animation\LAnimationStateTransition.cpp">
      <Filter>Source Files\Engine\Common\Animation</Filter>
    </ClCompile>
    <ClCompile Include="Private\Engine\Common\Character\LCharacter.cpp">
      <Filter>Source Files\Engine\Common\Character</Filter>
    </ClCompile>
    <ClCompile Include="Private\Engine\Common\Character\LCharacterMovement.cpp">
      <Filter>Source Files\Engine\Common\Character</Filter>
    </ClCompile>
    <ClCompile Include="Private\Engine\Common\Character\LPlayerController.cpp">
      <Filter>Source Files\Engine\Common\Character</Filter>
    </ClCompile>
    <ClCompile Include="Private\Engine\Renderer\FShadowMap.cpp">
      <Filter>Source Files\Engine\Renderer</Filter>
    </ClCompile>
    <ClCompile Include="Private\Engine\Common\RenderData\LIndexBuffer.cpp">
      <Filter>Source Files\Engine\Common\RenderData</Filter>
    </ClCompile>
    <ClCompile Include="Private\Engine\Common\RenderData\LMesh.cpp">
      <Filter>Source Files\Engine\Common\RenderData</Filter>
    </ClCompile>
    <ClCompile Include="Private\Engine\Common\RenderData\LResource.cpp">
      <Filter>Source Files\Engine\Common\RenderData</Filter>
    </ClCompile>
    <ClCompile Include="Private\Engine\Common\RenderData\LVertexBuffer.cpp">
      <Filter>Source Files\Engine\Common\RenderData</Filter>
    </ClCompile>
    <ClCompile Include="Private\Engine\Common\RenderData\LScene.cpp">
      <Filter>Source Files\Engine\Common\RenderData</Filter>
    </ClCompile>
    <ClCompile Include="Private\Engine\Common\RenderData\LLight.cpp">
      <Filter>Source Files\Engine\Common\RenderData</Filter>
    </ClCompile>
    <ClCompile Include="Private\Engine\Renderer\FLight.cpp">
      <Filter>Source Files\Engine\Renderer</Filter>
    </ClCompile>
    <ClCompile Include="Private\Engine\Common\RenderData\LSkeletalMesh.cpp">
      <Filter>Source Files\Engine\Common\RenderData</Filter>
    </ClCompile>
    <ClCompile Include="Private\Engine\Common\LAssetManager.cpp">
      <Filter>Source Files\Engine\Common</Filter>
    </ClCompile>
    <ClCompile Include="Private\Engine\Common\RenderData\LTexture.cpp">
      <Filter>Source Files\Engine\Common\RenderData</Filter>
    </ClCompile>
    <ClCompile Include="Private\Engine\Common\RenderData\LShader.cpp">
      <Filter>Source Files\Engine\Common\RenderData</Filter>
    </ClCompile>
    <ClCompile Include="Private\Engine\Common\RenderData\LMaterial.cpp">
      <Filter>Source Files\Engine\Common\RenderData</Filter>
    </ClCompile>
    <ClCompile Include="Private\Engine\Common\RenderData\LMaterialInstance.cpp">
      <Filter>Source Files\Engine\Common\RenderData</Filter>
    </ClCompile>
    <ClCompile Include="Private\Engine\Common\RenderData\LMaterialBase.cpp">
      <Filter>Source Files\Engine\Common\RenderData</Filter>
    </ClCompile>
  </ItemGroup>
  <ItemGroup>
    <ClInclude Include="Public\ApplicationMain.h">
      <Filter>Header Files</Filter>
    </ClInclude>
    <ClInclude Include="Public\stdafx.h">
      <Filter>Header Files</Filter>
    </ClInclude>
    <ClInclude Include="Public\Engine\RHI\D3D12RHI\d3dx12.h">
      <Filter>Header Files\Engine\RHI\D3D12RHI</Filter>
    </ClInclude>
    <ClInclude Include="Public\Engine\Util\MathHelper.h">
      <Filter>Header Files\Engine\Util</Filter>
    </ClInclude>
    <ClInclude Include="Public\Engine\RHI\D3D12RHI\stdafx.h">
      <Filter>Header Files\Engine\RHI\D3D12RHI</Filter>
    </ClInclude>
    <ClInclude Include="Public\Engine\Common\LInput.h">
      <Filter>Header Files\Engine\Common</Filter>
    </ClInclude>
    <ClInclude Include="Public\Engine\RHI\FDynamicRHI.h">
      <Filter>Header Files\Engine\RHI</Filter>
    </ClInclude>
    <ClInclude Include="Public\Engine\RHI\FRHI.h">
      <Filter>Header Files\Engine\RHI</Filter>
    </ClInclude>
    <ClInclude Include="Public\Engine\RHI\FRHIDef.h">
      <Filter>Header Files\Engine\RHI</Filter>
    </ClInclude>
    <ClInclude Include="Public\Engine\RHI\D3D12RHI\FD3D12Helper.h">
      <Filter>Header Files\Engine\RHI\D3D12RHI</Filter>
    </ClInclude>
    <ClInclude Include="Public\Engine\RHI\D3D12RHI\FD3D12Resource.h">
      <Filter>Header Files\Engine\RHI\D3D12RHI</Filter>
    </ClInclude>
    <ClInclude Include="Public\Engine\RHI\D3D12RHI\FDDSTextureLoader.h">
      <Filter>Header Files\Engine\RHI\D3D12RHI</Filter>
    </ClInclude>
    <ClInclude Include="Public\Engine\RHI\D3D12RHI\FD3D12RHIPrivate.h">
      <Filter>Header Files\Engine\RHI\D3D12RHI</Filter>
    </ClInclude>
    <ClInclude Include="Public\Engine\Renderer\FVertexBuffer.h">
      <Filter>Header Files\Engine\Renderer</Filter>
    </ClInclude>
    <ClInclude Include="Public\Engine\Renderer\FTexture.h">
      <Filter>Header Files\Engine\Renderer</Filter>
    </ClInclude>
    <ClInclude Include="Public\Engine\Renderer\FIndexBuffer.h">
      <Filter>Header Files\Engine\Renderer</Filter>
    </ClInclude>
    <ClInclude Include="Public\Engine\Renderer\FRenderer.h">
      <Filter>Header Files\Engine\Renderer</Filter>
    </ClInclude>
    <ClInclude Include="Public\Engine\Renderer\FScene.h">
      <Filter>Header Files\Engine\Renderer</Filter>
    </ClInclude>
    <ClInclude Include="Public\Engine\Renderer\FDefine.h">
      <Filter>Header Files\Engine\Renderer</Filter>
    </ClInclude>
    <ClInclude Include="Public\Engine\Renderer\LAssetDataLoader.h">
      <Filter>Header Files\Engine\Common</Filter>
    </ClInclude>
    <ClInclude Include="Public\Engine\Renderer\FMesh.h">
      <Filter>Header Files\Engine\Renderer</Filter>
    </ClInclude>
    <ClInclude Include="Public\Engine\Renderer\FSceneRenderer.h">
      <Filter>Header Files\Engine\Renderer</Filter>
    </ClInclude>
    <ClInclude Include="Public\Engine\Renderer\FRenderResource.h">
      <Filter>Header Files\Engine\Renderer</Filter>
    </ClInclude>
    <ClInclude Include="Public\Engine\Renderer\FShader.h">
      <Filter>Header Files\Engine\Renderer</Filter>
    </ClInclude>
    <ClInclude Include="Public\Engine\Common\LDevice.h">
      <Filter>Header Files\Engine\Common</Filter>
    </ClInclude>
    <ClInclude Include="Public\Engine\LEngine.h">
      <Filter>Header Files\Engine</Filter>
    </ClInclude>
    <ClInclude Include="Public\Engine\Common\LDefine.h">
      <Filter>Header Files\Engine\Common</Filter>
    </ClInclude>
    <ClInclude Include="Public\Engine\Common\Windows\LDeviceWindows.h">
      <Filter>Header Files\Engine\Common\Windows</Filter>
    </ClInclude>
    <ClInclude Include="Public\Engine\Common\Event\LEvent.h">
      <Filter>Header Files\Engine\Common\Event</Filter>
    </ClInclude>
    <ClInclude Include="Public\Engine\Common\Windows\LInputWindows.h">
      <Filter>Header Files\Engine\Common\Windows</Filter>
    </ClInclude>
    <ClInclude Include="Public\Engine\Common\LRingBuffer.h">
      <Filter>Header Files\Engine\Common</Filter>
    </ClInclude>
    <ClInclude Include="Public\Engine\Renderer\FMaterial.h">
      <Filter>Header Files\Engine\Renderer</Filter>
    </ClInclude>
    <ClInclude Include="Public\Engine\Thread\FRenderThread.h">
      <Filter>Header Files\Engine\Thread</Filter>
    </ClInclude>
    <ClInclude Include="Public\Engine\Thread\FThread.h">
      <Filter>Header Files\Engine\Thread</Filter>
    </ClInclude>
    <ClInclude Include="Public\Engine\Thread\FTaskThread.h">
      <Filter>Header Files\Engine\Thread</Filter>
    </ClInclude>
    <ClInclude Include="Public\Engine\Common\LLog.h">
      <Filter>Header Files\Engine\Common</Filter>
    </ClInclude>
    <ClInclude Include="Public\Engine\Common\LGameTimer.h">
      <Filter>Header Files\Engine\Common</Filter>
    </ClInclude>
    <ClInclude Include="Public\Engine\Renderer\FSkeletalMesh.h">
      <Filter>Header Files\Engine\Renderer</Filter>
    </ClInclude>
    <ClInclude Include="Public\Engine\Common\Animation\LAnimationSequence.h">
      <Filter>Header Files\Engine\Common\Animation</Filter>
    </ClInclude>
    <ClInclude Include="Public\Engine\Common\Animation\LAnimationTrack.h">
      <Filter>Header Files\Engine\Common\Animation</Filter>
    </ClInclude>
    <ClInclude Include="Public\Engine\Common\Animation\LAnimator.h">
      <Filter>Header Files\Engine\Common\Animation</Filter>
    </ClInclude>
    <ClInclude Include="Public\Engine\Common\Animation\LSkeleton.h">
      <Filter>Header Files\Engine\Common\Animation</Filter>
    </ClInclude>
    <ClInclude Include="Public\Engine\Renderer\FResourceViewCreater.h">
      <Filter>Header Files\Engine\Renderer</Filter>
    </ClInclude>
    <ClInclude Include="Public\Engine\RHI\D3D12RHI\FD3D12ResourceViewCreater.h">
      <Filter>Header Files\Engine\RHI\D3D12RHI</Filter>
    </ClInclude>
    <ClInclude Include="Public\Engine\Common\LActor.h">
      <Filter>Header Files\Engine\Common</Filter>
    </ClInclude>
    <ClInclude Include="Public\Engine\Common\Camera\LCamera.h">
      <Filter>Header Files\Engine\Common\Camera</Filter>
    </ClInclude>
    <ClInclude Include="Public\Engine\Common\Camera\LSceneCamera.h">
      <Filter>Header Files\Engine\Common\Camera</Filter>
    </ClInclude>
    <ClInclude Include="Public\Engine\Common\Camera\LThirdPersonCamera.h">
      <Filter>Header Files\Engine\Common\Camera</Filter>
    </ClInclude>
    <ClInclude Include="Public\Engine\Common\Animation\LAnimationStateMachine.h">
      <Filter>Header Files\Engine\Common\Animation</Filter>
    </ClInclude>
    <ClInclude Include="Public\Engine\Common\Animation\LAnimationState.h">
      <Filter>Header Files\Engine\Common\Animation</Filter>
    </ClInclude>
    <ClInclude Include="Public\Engine\Common\Animation\LAnimationStateTransition.h">
      <Filter>Header Files\Engine\Common\Animation</Filter>
    </ClInclude>
    <ClInclude Include="Public\Engine\Common\Character\LCharacter.h">
      <Filter>Header Files\Engine\Common\Character</Filter>
    </ClInclude>
    <ClInclude Include="Public\Engine\Common\Character\LCharacterMovement.h">
      <Filter>Header Files\Engine\Common\Character</Filter>
    </ClInclude>
    <ClInclude Include="Public\Engine\Common\Character\LPlayerController.h">
      <Filter>Header Files\Engine\Common\Character</Filter>
    </ClInclude>
    <ClInclude Include="Public\Engine\Renderer\FShadowMap.h">
      <Filter>Header Files\Engine\Renderer</Filter>
    </ClInclude>
    <ClInclude Include="Public\Engine\Common\RenderData\LIndexBuffer.h">
      <Filter>Header Files\Engine\Common\RenderData</Filter>
    </ClInclude>
    <ClInclude Include="Public\Engine\Common\RenderData\LMesh.h">
      <Filter>Header Files\Engine\Common\RenderData</Filter>
    </ClInclude>
    <ClInclude Include="Public\Engine\Common\RenderData\LResource.h">
      <Filter>Header Files\Engine\Common\RenderData</Filter>
    </ClInclude>
    <ClInclude Include="Public\Engine\Common\RenderData\LVertexBuffer.h">
      <Filter>Header Files\Engine\Common\RenderData</Filter>
    </ClInclude>
    <ClInclude Include="Public\Engine\Common\RenderData\LScene.h">
      <Filter>Header Files\Engine\Common\RenderData</Filter>
    </ClInclude>
    <ClInclude Include="Public\Engine\Common\RenderData\LLight.h">
      <Filter>Header Files\Engine\Common\RenderData</Filter>
    </ClInclude>
    <ClInclude Include="Public\Engine\Renderer\FLight.h">
      <Filter>Header Files\Engine\Renderer</Filter>
    </ClInclude>
    <ClInclude Include="Public\Engine\Common\RenderData\LSkeletalMesh.h">
      <Filter>Header Files\Engine\Common\RenderData</Filter>
    </ClInclude>
    <ClInclude Include="Public\Engine\Common\LAssetManager.h">
      <Filter>Header Files\Engine\Common</Filter>
    </ClInclude>
    <ClInclude Include="Public\Engine\Common\RenderData\LTexture.h">
      <Filter>Header Files\Engine\Common\RenderData</Filter>
    </ClInclude>
    <ClInclude Include="Public\Engine\Common\RenderData\LShader.h">
      <Filter>Header Files\Engine\Common\RenderData</Filter>
    </ClInclude>
    <ClInclude Include="Public\Engine\Common\RenderData\LMaterial.h">
      <Filter>Header Files\Engine\Common\RenderData</Filter>
    </ClInclude>
    <ClInclude Include="Public\Engine\Common\RenderData\LMaterialInstance.h">
      <Filter>Header Files\Engine\Common\RenderData</Filter>
    </ClInclude>
    <ClInclude Include="Public\Engine\Common\RenderData\LMaterialBase.h">
      <Filter>Header Files\Engine\Common\RenderData</Filter>
    </ClInclude>
  </ItemGroup>
  <ItemGroup>
    <FxCompile Include="Resource\Shaders\SampleDepthShaderPs.hlsl">
      <Filter>Resource Files\Shaders</Filter>
    </FxCompile>
    <FxCompile Include="Resource\Shaders\SampleDepthShaderVs.hlsl">
      <Filter>Resource Files\Shaders</Filter>
    </FxCompile>
    <FxCompile Include="Resource\Shaders\ShaderPs.hlsl">
      <Filter>Resource Files\Shaders</Filter>
    </FxCompile>
    <FxCompile Include="Resource\Shaders\ShaderTexPs.hlsl">
      <Filter>Resource Files\Shaders</Filter>
    </FxCompile>
    <FxCompile Include="Resource\Shaders\ShaderTexVs.hlsl">
      <Filter>Resource Files\Shaders</Filter>
    </FxCompile>
    <FxCompile Include="Resource\Shaders\ShaderVs.hlsl">
      <Filter>Resource Files\Shaders</Filter>
    </FxCompile>
    <FxCompile Include="Resource\Shaders\SkeletalPs.hlsl">
      <Filter>Resource Files\Shaders</Filter>
    </FxCompile>
    <FxCompile Include="Resource\Shaders\SkeletalVs.hlsl">
      <Filter>Resource Files\Shaders</Filter>
    </FxCompile>
    <FxCompile Include="Resource\Shaders\LightingUtil.hlsl">
      <Filter>Resource Files\Shaders</Filter>
    </FxCompile>
    <FxCompile Include="Resource\Shaders\SampleDepthSkinVs.hlsl">
      <Filter>Resource Files\Shaders</Filter>
    </FxCompile>
    <FxCompile Include="Resource\Shaders\SampleDepthSkinPs.hlsl">
      <Filter>Resource Files\Shaders</Filter>
    </FxCompile>
    <FxCompile Include="Resource\Shaders\ShaderHighLightPs.hlsl">
      <Filter>Resource Files\Shaders</Filter>
    </FxCompile>
  </ItemGroup>
  <ItemGroup>
    <None Include="Resource\Shaders\ShaderDef.hlsli">
      <Filter>Resource Files\Shaders</Filter>
    </None>
  </ItemGroup>
  <ItemGroup>
    <Image Include="Resource\Textures\T_Chair_M.dds">
      <Filter>Resource Files\Textures</Filter>
    </Image>
    <Image Include="Resource\Textures\T_Lamp_M.dds">
      <Filter>Resource Files\Textures</Filter>
    </Image>
    <Image Include="Resource\Textures\T_Male_Mask.dds">
      <Filter>Resource Files\Textures</Filter>
    </Image>
    <Image Include="Resource\Textures\T_Rock_Basalt_D.dds">
      <Filter>Resource Files\Textures</Filter>
    </Image>
    <Image Include="Resource\Textures\T_TableRound_M.dds">
      <Filter>Resource Files\Textures</Filter>
    </Image>
    <Image Include="Resource\Textures\DefaultTexture.dds">
      <Filter>Resource Files\Textures</Filter>
    </Image>
  </ItemGroup>
</Project>