<?xml version="1.0" encoding="utf-8"?>
<Project ToolsVersion="4.0" xmlns="http://schemas.microsoft.com/developer/msbuild/2003">
  <ItemGroup>
    <Filter Include="Source Files">
      <UniqueIdentifier>{4FC737F1-C7A5-4376-A066-2A32D752A2FF}</UniqueIdentifier>
      <Extensions>cpp;c;cc;cxx;c++;cppm;ixx;def;odl;idl;hpj;bat;asm;asmx</Extensions>
    </Filter>
    <Filter Include="Header Files">
      <UniqueIdentifier>{93995380-89BD-4b04-88EB-625FBE52EBFB}</UniqueIdentifier>
      <Extensions>h;hh;hpp;hxx;h++;hm;inl;inc;ipp;xsd</Extensions>
    </Filter>
    <Filter Include="Resource Files">
      <UniqueIdentifier>{67DA6AB6-F800-4c08-8B7A-83BB121AAD01}</UniqueIdentifier>
      <Extensions>rc;ico;cur;bmp;dlg;rc2;rct;bin;rgs;gif;jpg;jpeg;jpe;resx;tiff;tif;png;wav;mfcribbon-ms</Extensions>
    </Filter>
    <Filter Include="Source Files\D3D12RHI">
      <UniqueIdentifier>{01994b3b-8018-4fa4-baa4-a429f016ed01}</UniqueIdentifier>
    </Filter>
    <Filter Include="Source Files\Main">
      <UniqueIdentifier>{9911bbf3-e263-468f-9014-553b6fefa52d}</UniqueIdentifier>
    </Filter>
    <Filter Include="Source Files\RHI">
      <UniqueIdentifier>{c94106e2-3fdb-4282-8998-491f063cf617}</UniqueIdentifier>
    </Filter>
    <Filter Include="Source Files\Util">
      <UniqueIdentifier>{f601fd15-fe3e-4617-a12c-f94e41953f61}</UniqueIdentifier>
    </Filter>
    <Filter Include="Header Files\D3D12RHI">
      <UniqueIdentifier>{0e9ad7f7-ad8f-4e78-8760-0d21962e802f}</UniqueIdentifier>
    </Filter>
    <Filter Include="Header Files\Main">
      <UniqueIdentifier>{551f98c8-6e06-41d0-9c28-bd539b299cd0}</UniqueIdentifier>
    </Filter>
    <Filter Include="Header Files\Util">
      <UniqueIdentifier>{08896c1e-cafb-4131-ad35-a26081b53c07}</UniqueIdentifier>
    </Filter>
    <Filter Include="Header Files\RHI">
      <UniqueIdentifier>{d55cad2b-05f6-4626-85ec-1d3e0ce2a175}</UniqueIdentifier>
    </Filter>
  </ItemGroup>
  <ItemGroup>
    <ClCompile Include="main.cpp">
      <Filter>Source Files</Filter>
    </ClCompile>
    <ClCompile Include="Private\RHI\DynamicRHI.cpp">
      <Filter>Source Files\RHI</Filter>
    </ClCompile>
    <ClCompile Include="Private\RHI\RHI.cpp">
      <Filter>Source Files\RHI</Filter>
    </ClCompile>
    <ClCompile Include="Private\RHI\WindowsDynamicRHI.cpp">
      <Filter>Source Files\RHI</Filter>
    </ClCompile>
    <ClCompile Include="Private\Util\DDSTextureLoader.cpp">
      <Filter>Source Files\Util</Filter>
    </ClCompile>
    <ClCompile Include="Private\Util\MathHelper.cpp">
      <Filter>Source Files\Util</Filter>
    </ClCompile>
    <ClCompile Include="Private\Main\ApplicationMain.cpp">
      <Filter>Source Files\Main</Filter>
    </ClCompile>
    <ClCompile Include="Private\Main\Camera.cpp">
      <Filter>Source Files\Main</Filter>
    </ClCompile>
    <ClCompile Include="Private\Main\GraphicRender.cpp">
      <Filter>Source Files\Main</Filter>
    </ClCompile>
    <ClCompile Include="Private\Main\GraphicRenderModel.cpp">
      <Filter>Source Files\Main</Filter>
    </ClCompile>
    <ClCompile Include="Private\Main\InputClass.cpp">
      <Filter>Source Files\Main</Filter>
    </ClCompile>
    <ClCompile Include="Private\Main\MainWindow.cpp">
      <Filter>Source Files\Main</Filter>
    </ClCompile>
    <ClCompile Include="Private\Main\Model.cpp">
      <Filter>Source Files\Main</Filter>
    </ClCompile>
    <ClCompile Include="Private\Main\stdafx.cpp">
      <Filter>Source Files\Main</Filter>
    </ClCompile>
  </ItemGroup>
  <ItemGroup>
    <CustomBuild Include="Resource\shader_ps.hlsl">
      <Filter>Resource Files</Filter>
    </CustomBuild>
    <CustomBuild Include="Resource\shader_vs.hlsl">
      <Filter>Resource Files</Filter>
    </CustomBuild>
  </ItemGroup>
  <ItemGroup>
    <Image Include="Resource\T_Chair_M.dds">
      <Filter>Resource Files</Filter>
    </Image>
  </ItemGroup>
  <ItemGroup>
    <ClInclude Include="Public\RHI\DynamicRHI.h">
      <Filter>Header Files\RHI</Filter>
    </ClInclude>
    <ClInclude Include="Public\RHI\RHI.h">
      <Filter>Header Files\RHI</Filter>
    </ClInclude>
    <ClInclude Include="Public\Util\DDSTextureLoader.h">
      <Filter>Header Files\Util</Filter>
    </ClInclude>
    <ClInclude Include="Public\Util\GraphicHelper.h">
      <Filter>Header Files\Util</Filter>
    </ClInclude>
    <ClInclude Include="Public\Util\MathHelper.h">
      <Filter>Header Files\Util</Filter>
    </ClInclude>
    <ClInclude Include="Public\Main\ApplicationMain.h">
      <Filter>Header Files\Main</Filter>
    </ClInclude>
    <ClInclude Include="Public\Main\Camera.h">
      <Filter>Header Files\Main</Filter>
    </ClInclude>
    <ClInclude Include="Public\Main\d3dx12.h">
      <Filter>Header Files\Main</Filter>
    </ClInclude>
    <ClInclude Include="Public\Main\GraphicRender.h">
      <Filter>Header Files\Main</Filter>
    </ClInclude>
    <ClInclude Include="Public\Main\GraphicRenderModel.h">
      <Filter>Header Files\Main</Filter>
    </ClInclude>
    <ClInclude Include="Public\Main\InputClass.h">
      <Filter>Header Files\Main</Filter>
    </ClInclude>
    <ClInclude Include="Public\Main\MainWindow.h">
      <Filter>Header Files\Main</Filter>
    </ClInclude>
    <ClInclude Include="Public\Main\Model.h">
      <Filter>Header Files\Main</Filter>
    </ClInclude>
    <ClInclude Include="Public\Main\stdafx.h">
      <Filter>Header Files\Main</Filter>
    </ClInclude>
  </ItemGroup>
</Project>