
Microsoft Visual Studio Solution File, Format Version 12.00
# Visual Studio Version 16
VisualStudioVersion = 16.0.28315.86
MinimumVisualStudioVersion = 10.0.40219.1
Project("{2150E333-8FDC-42A3-9474-1A3956D46DE8}") = "Engine", "Engine", "{94A6C6F3-99B3-346E-9557-ABF9D4064DBD}"
EndProject
Project("{2150E333-8FDC-42A3-9474-1A3956D46DE8}") = "Games", "Games", "{8E2F6A87-1826-34F4-940C-CC23A48F9FE4}"
EndProject
Project("{8BC9CEB8-8B4A-11D0-8D11-00A0C91BC942}") = "UE4", "Intermediate\ProjectFiles\UE4.vcxproj", "{9C80E293-FF05-47D7-ADD4-B2D37F2ADF4E}"
EndProject
Project("{8BC9CEB8-8B4A-11D0-8D11-00A0C91BC942}") = "ExportStaticMesh", "Intermediate\ProjectFiles\ExportStaticMesh.vcxproj", "{60BBA284-9436-4E83-BC10-848B1C4CB79A}"
EndProject
Project("{2150E333-8FDC-42A3-9474-1A3956D46DE8}") = "Visualizers", "Visualizers", "{1CCEC849-CC72-4C59-8C36-2F7C38706D4C}"
	ProjectSection(SolutionItems) = preProject
		D:\UE_4.26\Engine\Extras\VisualStudioDebugging\UE4.natvis = D:\UE_4.26\Engine\Extras\VisualStudioDebugging\UE4.natvis
	EndProjectSection
EndProject
Global
	GlobalSection(SolutionConfigurationPlatforms) = preSolution
		DebugGame Editor|Android = DebugGame Editor|Android
		DebugGame Editor|IOS = DebugGame Editor|IOS
		DebugGame Editor|Win32 = DebugGame Editor|Win32
		DebugGame Editor|Win64 = DebugGame Editor|Win64
		DebugGame|Android = DebugGame|Android
		DebugGame|IOS = DebugGame|IOS
		DebugGame|Win32 = DebugGame|Win32
		DebugGame|Win64 = DebugGame|Win64
		Development Editor|Android = Development Editor|Android
		Development Editor|IOS = Development Editor|IOS
		Development Editor|Win32 = Development Editor|Win32
		Development Editor|Win64 = Development Editor|Win64
		Development|Android = Development|Android
		Development|IOS = Development|IOS
		Development|Win32 = Development|Win32
		Development|Win64 = Development|Win64
		Shipping|Android = Shipping|Android
		Shipping|IOS = Shipping|IOS
		Shipping|Win32 = Shipping|Win32
		Shipping|Win64 = Shipping|Win64
	EndGlobalSection
	GlobalSection(ProjectConfigurationPlatforms) = postSolution
		{9C80E293-FF05-47D7-ADD4-B2D37F2ADF4E}.DebugGame Editor|Android.ActiveCfg = BuiltWithUnrealBuildTool|Win32
		{9C80E293-FF05-47D7-ADD4-B2D37F2ADF4E}.DebugGame Editor|IOS.ActiveCfg = BuiltWithUnrealBuildTool|Win32
		{9C80E293-FF05-47D7-ADD4-B2D37F2ADF4E}.DebugGame Editor|Win32.ActiveCfg = BuiltWithUnrealBuildTool|Win32
		{9C80E293-FF05-47D7-ADD4-B2D37F2ADF4E}.DebugGame Editor|Win64.ActiveCfg = BuiltWithUnrealBuildTool|Win32
		{9C80E293-FF05-47D7-ADD4-B2D37F2ADF4E}.DebugGame|Android.ActiveCfg = BuiltWithUnrealBuildTool|Win32
		{9C80E293-FF05-47D7-ADD4-B2D37F2ADF4E}.DebugGame|IOS.ActiveCfg = BuiltWithUnrealBuildTool|Win32
		{9C80E293-FF05-47D7-ADD4-B2D37F2ADF4E}.DebugGame|Win32.ActiveCfg = BuiltWithUnrealBuildTool|Win32
		{9C80E293-FF05-47D7-ADD4-B2D37F2ADF4E}.DebugGame|Win64.ActiveCfg = BuiltWithUnrealBuildTool|Win32
		{9C80E293-FF05-47D7-ADD4-B2D37F2ADF4E}.Development Editor|Android.ActiveCfg = BuiltWithUnrealBuildTool|Win32
		{9C80E293-FF05-47D7-ADD4-B2D37F2ADF4E}.Development Editor|IOS.ActiveCfg = BuiltWithUnrealBuildTool|Win32
		{9C80E293-FF05-47D7-ADD4-B2D37F2ADF4E}.Development Editor|Win32.ActiveCfg = BuiltWithUnrealBuildTool|Win32
		{9C80E293-FF05-47D7-ADD4-B2D37F2ADF4E}.Development Editor|Win64.ActiveCfg = BuiltWithUnrealBuildTool|Win32
		{9C80E293-FF05-47D7-ADD4-B2D37F2ADF4E}.Development|Android.ActiveCfg = BuiltWithUnrealBuildTool|Win32
		{9C80E293-FF05-47D7-ADD4-B2D37F2ADF4E}.Development|IOS.ActiveCfg = BuiltWithUnrealBuildTool|Win32
		{9C80E293-FF05-47D7-ADD4-B2D37F2ADF4E}.Development|Win32.ActiveCfg = BuiltWithUnrealBuildTool|Win32
		{9C80E293-FF05-47D7-ADD4-B2D37F2ADF4E}.Development|Win64.ActiveCfg = BuiltWithUnrealBuildTool|Win32
		{9C80E293-FF05-47D7-ADD4-B2D37F2ADF4E}.Shipping|Android.ActiveCfg = BuiltWithUnrealBuildTool|Win32
		{9C80E293-FF05-47D7-ADD4-B2D37F2ADF4E}.Shipping|IOS.ActiveCfg = BuiltWithUnrealBuildTool|Win32
		{9C80E293-FF05-47D7-ADD4-B2D37F2ADF4E}.Shipping|Win32.ActiveCfg = BuiltWithUnrealBuildTool|Win32
		{9C80E293-FF05-47D7-ADD4-B2D37F2ADF4E}.Shipping|Win64.ActiveCfg = BuiltWithUnrealBuildTool|Win32
		{60BBA284-9436-4E83-BC10-848B1C4CB79A}.DebugGame Editor|Android.ActiveCfg = Invalid|Win32
		{60BBA284-9436-4E83-BC10-848B1C4CB79A}.DebugGame Editor|IOS.ActiveCfg = Invalid|Win32
		{60BBA284-9436-4E83-BC10-848B1C4CB79A}.DebugGame Editor|Win32.ActiveCfg = Invalid|Win32
		{60BBA284-9436-4E83-BC10-848B1C4CB79A}.DebugGame Editor|Win64.ActiveCfg = DebugGame_Editor|x64
		{60BBA284-9436-4E83-BC10-848B1C4CB79A}.DebugGame Editor|Win64.Build.0 = DebugGame_Editor|x64
		{60BBA284-9436-4E83-BC10-848B1C4CB79A}.DebugGame|Android.ActiveCfg = Android_DebugGame|Win32
		{60BBA284-9436-4E83-BC10-848B1C4CB79A}.DebugGame|Android.Build.0 = Android_DebugGame|Win32
		{60BBA284-9436-4E83-BC10-848B1C4CB79A}.DebugGame|IOS.ActiveCfg = IOS_DebugGame|Win32
		{60BBA284-9436-4E83-BC10-848B1C4CB79A}.DebugGame|IOS.Build.0 = IOS_DebugGame|Win32
		{60BBA284-9436-4E83-BC10-848B1C4CB79A}.DebugGame|Win32.ActiveCfg = DebugGame|Win32
		{60BBA284-9436-4E83-BC10-848B1C4CB79A}.DebugGame|Win32.Build.0 = DebugGame|Win32
		{60BBA284-9436-4E83-BC10-848B1C4CB79A}.DebugGame|Win64.ActiveCfg = DebugGame|x64
		{60BBA284-9436-4E83-BC10-848B1C4CB79A}.DebugGame|Win64.Build.0 = DebugGame|x64
		{60BBA284-9436-4E83-BC10-848B1C4CB79A}.Development Editor|Android.ActiveCfg = Invalid|Win32
		{60BBA284-9436-4E83-BC10-848B1C4CB79A}.Development Editor|IOS.ActiveCfg = Invalid|Win32
		{60BBA284-9436-4E83-BC10-848B1C4CB79A}.Development Editor|Win32.ActiveCfg = Invalid|Win32
		{60BBA284-9436-4E83-BC10-848B1C4CB79A}.Development Editor|Win64.ActiveCfg = Development_Editor|x64
		{60BBA284-9436-4E83-BC10-848B1C4CB79A}.Development Editor|Win64.Build.0 = Development_Editor|x64
		{60BBA284-9436-4E83-BC10-848B1C4CB79A}.Development|Android.ActiveCfg = Android_Development|Win32
		{60BBA284-9436-4E83-BC10-848B1C4CB79A}.Development|Android.Build.0 = Android_Development|Win32
		{60BBA284-9436-4E83-BC10-848B1C4CB79A}.Development|IOS.ActiveCfg = IOS_Development|Win32
		{60BBA284-9436-4E83-BC10-848B1C4CB79A}.Development|IOS.Build.0 = IOS_Development|Win32
		{60BBA284-9436-4E83-BC10-848B1C4CB79A}.Development|Win32.ActiveCfg = Development|Win32
		{60BBA284-9436-4E83-BC10-848B1C4CB79A}.Development|Win32.Build.0 = Development|Win32
		{60BBA284-9436-4E83-BC10-848B1C4CB79A}.Development|Win64.ActiveCfg = Development|x64
		{60BBA284-9436-4E83-BC10-848B1C4CB79A}.Development|Win64.Build.0 = Development|x64
		{60BBA284-9436-4E83-BC10-848B1C4CB79A}.Shipping|Android.ActiveCfg = Android_Shipping|Win32
		{60BBA284-9436-4E83-BC10-848B1C4CB79A}.Shipping|Android.Build.0 = Android_Shipping|Win32
		{60BBA284-9436-4E83-BC10-848B1C4CB79A}.Shipping|IOS.ActiveCfg = IOS_Shipping|Win32
		{60BBA284-9436-4E83-BC10-848B1C4CB79A}.Shipping|IOS.Build.0 = IOS_Shipping|Win32
		{60BBA284-9436-4E83-BC10-848B1C4CB79A}.Shipping|Win32.ActiveCfg = Shipping|Win32
		{60BBA284-9436-4E83-BC10-848B1C4CB79A}.Shipping|Win32.Build.0 = Shipping|Win32
		{60BBA284-9436-4E83-BC10-848B1C4CB79A}.Shipping|Win64.ActiveCfg = Shipping|x64
		{60BBA284-9436-4E83-BC10-848B1C4CB79A}.Shipping|Win64.Build.0 = Shipping|x64
	EndGlobalSection
	GlobalSection(SolutionProperties) = preSolution
		HideSolutionNode = FALSE
	EndGlobalSection
	GlobalSection(NestedProjects) = preSolution
		{9C80E293-FF05-47D7-ADD4-B2D37F2ADF4E} = {94A6C6F3-99B3-346E-9557-ABF9D4064DBD}
		{60BBA284-9436-4E83-BC10-848B1C4CB79A} = {8E2F6A87-1826-34F4-940C-CC23A48F9FE4}
	EndGlobalSection
	GlobalSection(ExtensibilityGlobals) = postSolution
		SolutionGuid = {267495B7-9F1A-46FC-A6ED-E2DDE8967BFB}
	EndGlobalSection
EndGlobal
